// !$*UTF8*$!
{
	archiveVersion = 1;
	classes = {
	};
	objectVersion = 46;
	objects = {

/* Begin PBXBuildFile section */
		49BAF29B1EDC668600C9E50E /* AppDelegate.swift in Sources */ = {isa = PBXBuildFile; fileRef = 49BAF29A1EDC668600C9E50E /* AppDelegate.swift */; };
		49BAF29D1EDC668600C9E50E /* ViewController.swift in Sources */ = {isa = PBXBuildFile; fileRef = 49BAF29C1EDC668600C9E50E /* ViewController.swift */; };
		49BAF2A01EDC668600C9E50E /* Main.storyboard in Resources */ = {isa = PBXBuildFile; fileRef = 49BAF29E1EDC668600C9E50E /* Main.storyboard */; };
		49BAF2A21EDC668600C9E50E /* Assets.xcassets in Resources */ = {isa = PBXBuildFile; fileRef = 49BAF2A11EDC668600C9E50E /* Assets.xcassets */; };
		49BAF2A51EDC668600C9E50E /* LaunchScreen.storyboard in Resources */ = {isa = PBXBuildFile; fileRef = 49BAF2A31EDC668600C9E50E /* LaunchScreen.storyboard */; };
		49BAF2BB1EDC67E300C9E50E /* JSONSerializable.swift in Sources */ = {isa = PBXBuildFile; fileRef = 49BAF2BA1EDC67E300C9E50E /* JSONSerializable.swift */; };
		49BAF2BD1EDC684600C9E50E /* Logger.swift in Sources */ = {isa = PBXBuildFile; fileRef = 49BAF2BC1EDC684600C9E50E /* Logger.swift */; };
		49BAF2C11EDC68CD00C9E50E /* Weather.swift in Sources */ = {isa = PBXBuildFile; fileRef = 49BAF2C01EDC68CD00C9E50E /* Weather.swift */; };
		49BAF2C31EDC68DA00C9E50E /* Wind.swift in Sources */ = {isa = PBXBuildFile; fileRef = 49BAF2C21EDC68DA00C9E50E /* Wind.swift */; };
		49BAF2CA1EDC698D00C9E50E /* WeatherTests.swift in Sources */ = {isa = PBXBuildFile; fileRef = 49BAF2C91EDC698D00C9E50E /* WeatherTests.swift */; };
		49BAF2CC1EDC69E100C9E50E /* XCTestCase+Extensions.swift in Sources */ = {isa = PBXBuildFile; fileRef = 49BAF2CB1EDC69E100C9E50E /* XCTestCase+Extensions.swift */; };
		49BAF2CE1EDC6A1100C9E50E /* WindTests.swift in Sources */ = {isa = PBXBuildFile; fileRef = 49BAF2CD1EDC6A1100C9E50E /* WindTests.swift */; };
		49BAF2D01EDC6A2700C9E50E /* wind.json in Resources */ = {isa = PBXBuildFile; fileRef = 49BAF2CF1EDC6A2700C9E50E /* wind.json */; };
		49BAF2D21EDC6B3A00C9E50E /* weather.json in Resources */ = {isa = PBXBuildFile; fileRef = 49BAF2D11EDC6B3A00C9E50E /* weather.json */; };
		49BAF2D61EDC6BD100C9E50E /* WeatherForecast.swift in Sources */ = {isa = PBXBuildFile; fileRef = 49BAF2D51EDC6BD100C9E50E /* WeatherForecast.swift */; };
		49BAF2D81EDC6BEC00C9E50E /* Station.swift in Sources */ = {isa = PBXBuildFile; fileRef = 49BAF2D71EDC6BEC00C9E50E /* Station.swift */; };
		49BAF2DA1EDC6C2600C9E50E /* WeatherForecastTests.swift in Sources */ = {isa = PBXBuildFile; fileRef = 49BAF2D91EDC6C2600C9E50E /* WeatherForecastTests.swift */; };
		49BAF2DC1EDC6C4E00C9E50E /* forecast.json in Resources */ = {isa = PBXBuildFile; fileRef = 49BAF2DB1EDC6C4E00C9E50E /* forecast.json */; };
		49BAF2DE1EDC6CA100C9E50E /* StationTests.swift in Sources */ = {isa = PBXBuildFile; fileRef = 49BAF2DD1EDC6CA100C9E50E /* StationTests.swift */; };
		49BAF2E01EDC6CDE00C9E50E /* station.json in Resources */ = {isa = PBXBuildFile; fileRef = 49BAF2DF1EDC6CDE00C9E50E /* station.json */; };
		49BAF2E41EDC724100C9E50E /* HTTPClient+JSONTests.swift in Sources */ = {isa = PBXBuildFile; fileRef = 49BAF2E11EDC724100C9E50E /* HTTPClient+JSONTests.swift */; };
		49BAF2E51EDC724100C9E50E /* HTTPClientTests.swift in Sources */ = {isa = PBXBuildFile; fileRef = 49BAF2E21EDC724100C9E50E /* HTTPClientTests.swift */; };
		49BAF2E61EDC724100C9E50E /* MockURLSession.swift in Sources */ = {isa = PBXBuildFile; fileRef = 49BAF2E31EDC724100C9E50E /* MockURLSession.swift */; };
		49BAF2ED1EDC72B700C9E50E /* HTTPClient.swift in Sources */ = {isa = PBXBuildFile; fileRef = 49BAF2EB1EDC72B700C9E50E /* HTTPClient.swift */; };
		49BAF2EE1EDC72B700C9E50E /* HTTPClient+JSON.swift in Sources */ = {isa = PBXBuildFile; fileRef = 49BAF2EC1EDC72B700C9E50E /* HTTPClient+JSON.swift */; };
		49BAF2F01EDC746200C9E50E /* Service.swift in Sources */ = {isa = PBXBuildFile; fileRef = 49BAF2EF1EDC746200C9E50E /* Service.swift */; };
		49BAF2F21EDC74D800C9E50E /* WeatherForecastService.swift in Sources */ = {isa = PBXBuildFile; fileRef = 49BAF2F11EDC74D800C9E50E /* WeatherForecastService.swift */; };
		49BAF2F51EDC750E00C9E50E /* ServiceConfiguration.swift in Sources */ = {isa = PBXBuildFile; fileRef = 49BAF2F41EDC750E00C9E50E /* ServiceConfiguration.swift */; };
		49BAF2F81EDC762E00C9E50E /* String+URLEncoding.swift in Sources */ = {isa = PBXBuildFile; fileRef = 49BAF2F71EDC762E00C9E50E /* String+URLEncoding.swift */; };
		49BAF2FB1EDC767400C9E50E /* Dictionary+URLEncoding.swift in Sources */ = {isa = PBXBuildFile; fileRef = 49BAF2FA1EDC767400C9E50E /* Dictionary+URLEncoding.swift */; };
		49BAF2FD1EDC780200C9E50E /* WeatherForecastServiceTests.swift in Sources */ = {isa = PBXBuildFile; fileRef = 49BAF2FC1EDC780200C9E50E /* WeatherForecastServiceTests.swift */; };
/* End PBXBuildFile section */

/* Begin PBXContainerItemProxy section */
		49BAF2AC1EDC668600C9E50E /* PBXContainerItemProxy */ = {
			isa = PBXContainerItemProxy;
			containerPortal = 49BAF28F1EDC668600C9E50E /* Project object */;
			proxyType = 1;
			remoteGlobalIDString = 49BAF2961EDC668600C9E50E;
			remoteInfo = OpenWeather;
		};
/* End PBXContainerItemProxy section */

/* Begin PBXFileReference section */
		49BAF2971EDC668600C9E50E /* OpenWeather.app */ = {isa = PBXFileReference; explicitFileType = wrapper.application; includeInIndex = 0; path = OpenWeather.app; sourceTree = BUILT_PRODUCTS_DIR; };
		49BAF29A1EDC668600C9E50E /* AppDelegate.swift */ = {isa = PBXFileReference; lastKnownFileType = sourcecode.swift; path = AppDelegate.swift; sourceTree = "<group>"; };
		49BAF29C1EDC668600C9E50E /* ViewController.swift */ = {isa = PBXFileReference; lastKnownFileType = sourcecode.swift; path = ViewController.swift; sourceTree = "<group>"; };
		49BAF29F1EDC668600C9E50E /* Base */ = {isa = PBXFileReference; lastKnownFileType = file.storyboard; name = Base; path = Base.lproj/Main.storyboard; sourceTree = "<group>"; };
		49BAF2A11EDC668600C9E50E /* Assets.xcassets */ = {isa = PBXFileReference; lastKnownFileType = folder.assetcatalog; path = Assets.xcassets; sourceTree = "<group>"; };
		49BAF2A41EDC668600C9E50E /* Base */ = {isa = PBXFileReference; lastKnownFileType = file.storyboard; name = Base; path = Base.lproj/LaunchScreen.storyboard; sourceTree = "<group>"; };
		49BAF2A61EDC668600C9E50E /* Info.plist */ = {isa = PBXFileReference; lastKnownFileType = text.plist.xml; path = Info.plist; sourceTree = "<group>"; };
		49BAF2AB1EDC668600C9E50E /* OpenWeatherTests.xctest */ = {isa = PBXFileReference; explicitFileType = wrapper.cfbundle; includeInIndex = 0; path = OpenWeatherTests.xctest; sourceTree = BUILT_PRODUCTS_DIR; };
		49BAF2B11EDC668600C9E50E /* Info.plist */ = {isa = PBXFileReference; lastKnownFileType = text.plist.xml; path = Info.plist; sourceTree = "<group>"; };
		49BAF2BA1EDC67E300C9E50E /* JSONSerializable.swift */ = {isa = PBXFileReference; fileEncoding = 4; lastKnownFileType = sourcecode.swift; path = JSONSerializable.swift; sourceTree = "<group>"; };
		49BAF2BC1EDC684600C9E50E /* Logger.swift */ = {isa = PBXFileReference; fileEncoding = 4; lastKnownFileType = sourcecode.swift; path = Logger.swift; sourceTree = "<group>"; };
		49BAF2C01EDC68CD00C9E50E /* Weather.swift */ = {isa = PBXFileReference; fileEncoding = 4; lastKnownFileType = sourcecode.swift; path = Weather.swift; sourceTree = "<group>"; };
		49BAF2C21EDC68DA00C9E50E /* Wind.swift */ = {isa = PBXFileReference; fileEncoding = 4; lastKnownFileType = sourcecode.swift; path = Wind.swift; sourceTree = "<group>"; };
		49BAF2C91EDC698D00C9E50E /* WeatherTests.swift */ = {isa = PBXFileReference; fileEncoding = 4; lastKnownFileType = sourcecode.swift; path = WeatherTests.swift; sourceTree = "<group>"; };
		49BAF2CB1EDC69E100C9E50E /* XCTestCase+Extensions.swift */ = {isa = PBXFileReference; fileEncoding = 4; lastKnownFileType = sourcecode.swift; path = "XCTestCase+Extensions.swift"; sourceTree = "<group>"; };
		49BAF2CD1EDC6A1100C9E50E /* WindTests.swift */ = {isa = PBXFileReference; fileEncoding = 4; lastKnownFileType = sourcecode.swift; path = WindTests.swift; sourceTree = "<group>"; };
		49BAF2CF1EDC6A2700C9E50E /* wind.json */ = {isa = PBXFileReference; fileEncoding = 4; lastKnownFileType = text.json; path = wind.json; sourceTree = "<group>"; };
		49BAF2D11EDC6B3A00C9E50E /* weather.json */ = {isa = PBXFileReference; fileEncoding = 4; lastKnownFileType = text.json; path = weather.json; sourceTree = "<group>"; };
		49BAF2D51EDC6BD100C9E50E /* WeatherForecast.swift */ = {isa = PBXFileReference; fileEncoding = 4; lastKnownFileType = sourcecode.swift; path = WeatherForecast.swift; sourceTree = "<group>"; };
		49BAF2D71EDC6BEC00C9E50E /* Station.swift */ = {isa = PBXFileReference; fileEncoding = 4; lastKnownFileType = sourcecode.swift; path = Station.swift; sourceTree = "<group>"; };
		49BAF2D91EDC6C2600C9E50E /* WeatherForecastTests.swift */ = {isa = PBXFileReference; fileEncoding = 4; lastKnownFileType = sourcecode.swift; path = WeatherForecastTests.swift; sourceTree = "<group>"; };
		49BAF2DB1EDC6C4E00C9E50E /* forecast.json */ = {isa = PBXFileReference; fileEncoding = 4; lastKnownFileType = text.json; path = forecast.json; sourceTree = "<group>"; };
		49BAF2DD1EDC6CA100C9E50E /* StationTests.swift */ = {isa = PBXFileReference; fileEncoding = 4; lastKnownFileType = sourcecode.swift; path = StationTests.swift; sourceTree = "<group>"; };
		49BAF2DF1EDC6CDE00C9E50E /* station.json */ = {isa = PBXFileReference; fileEncoding = 4; lastKnownFileType = text.json; path = station.json; sourceTree = "<group>"; };
		49BAF2E11EDC724100C9E50E /* HTTPClient+JSONTests.swift */ = {isa = PBXFileReference; fileEncoding = 4; lastKnownFileType = sourcecode.swift; path = "HTTPClient+JSONTests.swift"; sourceTree = "<group>"; };
		49BAF2E21EDC724100C9E50E /* HTTPClientTests.swift */ = {isa = PBXFileReference; fileEncoding = 4; lastKnownFileType = sourcecode.swift; path = HTTPClientTests.swift; sourceTree = "<group>"; };
		49BAF2E31EDC724100C9E50E /* MockURLSession.swift */ = {isa = PBXFileReference; fileEncoding = 4; lastKnownFileType = sourcecode.swift; path = MockURLSession.swift; sourceTree = "<group>"; };
		49BAF2EB1EDC72B700C9E50E /* HTTPClient.swift */ = {isa = PBXFileReference; fileEncoding = 4; lastKnownFileType = sourcecode.swift; path = HTTPClient.swift; sourceTree = "<group>"; };
		49BAF2EC1EDC72B700C9E50E /* HTTPClient+JSON.swift */ = {isa = PBXFileReference; fileEncoding = 4; lastKnownFileType = sourcecode.swift; path = "HTTPClient+JSON.swift"; sourceTree = "<group>"; };
		49BAF2EF1EDC746200C9E50E /* Service.swift */ = {isa = PBXFileReference; fileEncoding = 4; lastKnownFileType = sourcecode.swift; path = Service.swift; sourceTree = "<group>"; };
		49BAF2F11EDC74D800C9E50E /* WeatherForecastService.swift */ = {isa = PBXFileReference; fileEncoding = 4; lastKnownFileType = sourcecode.swift; path = WeatherForecastService.swift; sourceTree = "<group>"; };
		49BAF2F41EDC750E00C9E50E /* ServiceConfiguration.swift */ = {isa = PBXFileReference; fileEncoding = 4; lastKnownFileType = sourcecode.swift; path = ServiceConfiguration.swift; sourceTree = "<group>"; };
		49BAF2F71EDC762E00C9E50E /* String+URLEncoding.swift */ = {isa = PBXFileReference; fileEncoding = 4; lastKnownFileType = sourcecode.swift; path = "String+URLEncoding.swift"; sourceTree = "<group>"; };
		49BAF2FA1EDC767400C9E50E /* Dictionary+URLEncoding.swift */ = {isa = PBXFileReference; fileEncoding = 4; lastKnownFileType = sourcecode.swift; path = "Dictionary+URLEncoding.swift"; sourceTree = "<group>"; };
		49BAF2FC1EDC780200C9E50E /* WeatherForecastServiceTests.swift */ = {isa = PBXFileReference; fileEncoding = 4; lastKnownFileType = sourcecode.swift; path = WeatherForecastServiceTests.swift; sourceTree = "<group>"; };
/* End PBXFileReference section */

/* Begin PBXFrameworksBuildPhase section */
		49BAF2941EDC668600C9E50E /* Frameworks */ = {
			isa = PBXFrameworksBuildPhase;
			buildActionMask = 2147483647;
			files = (
			);
			runOnlyForDeploymentPostprocessing = 0;
		};
		49BAF2A81EDC668600C9E50E /* Frameworks */ = {
			isa = PBXFrameworksBuildPhase;
			buildActionMask = 2147483647;
			files = (
			);
			runOnlyForDeploymentPostprocessing = 0;
		};
/* End PBXFrameworksBuildPhase section */

/* Begin PBXGroup section */
		49BAF28E1EDC668600C9E50E = {
			isa = PBXGroup;
			children = (
				49BAF2991EDC668600C9E50E /* OpenWeather */,
				49BAF2AE1EDC668600C9E50E /* OpenWeatherTests */,
				49BAF2981EDC668600C9E50E /* Products */,
			);
			sourceTree = "<group>";
		};
		49BAF2981EDC668600C9E50E /* Products */ = {
			isa = PBXGroup;
			children = (
				49BAF2971EDC668600C9E50E /* OpenWeather.app */,
				49BAF2AB1EDC668600C9E50E /* OpenWeatherTests.xctest */,
			);
			name = Products;
			sourceTree = "<group>";
		};
		49BAF2991EDC668600C9E50E /* OpenWeather */ = {
			isa = PBXGroup;
			children = (
				49BAF29A1EDC668600C9E50E /* AppDelegate.swift */,
				49BAF29C1EDC668600C9E50E /* ViewController.swift */,
				49BAF2F31EDC74E100C9E50E /* Network */,
				49BAF2C41EDC691500C9E50E /* Models */,
				49BAF2BE1EDC688200C9E50E /* Utils */,
				49BAF29E1EDC668600C9E50E /* Main.storyboard */,
				49BAF2A11EDC668600C9E50E /* Assets.xcassets */,
				49BAF2A31EDC668600C9E50E /* LaunchScreen.storyboard */,
				49BAF2A61EDC668600C9E50E /* Info.plist */,
			);
			path = OpenWeather;
			sourceTree = "<group>";
		};
		49BAF2AE1EDC668600C9E50E /* OpenWeatherTests */ = {
			isa = PBXGroup;
			children = (
				49BAF2E11EDC724100C9E50E /* HTTPClient+JSONTests.swift */,
				49BAF2E21EDC724100C9E50E /* HTTPClientTests.swift */,
				49BAF2FC1EDC780200C9E50E /* WeatherForecastServiceTests.swift */,
				49BAF2E71EDC724B00C9E50E /* Models */,
				49BAF2E81EDC725700C9E50E /* Utils */,
				49BAF2EA1EDC728400C9E50E /* Resources */,
			);
			path = OpenWeatherTests;
			sourceTree = "<group>";
		};
		49BAF2BE1EDC688200C9E50E /* Utils */ = {
			isa = PBXGroup;
			children = (
				49BAF2F91EDC763400C9E50E /* Extensions */,
				49BAF2BF1EDC688700C9E50E /* Protocols */,
				49BAF2BC1EDC684600C9E50E /* Logger.swift */,
			);
			name = Utils;
			sourceTree = "<group>";
		};
		49BAF2BF1EDC688700C9E50E /* Protocols */ = {
			isa = PBXGroup;
			children = (
				49BAF2BA1EDC67E300C9E50E /* JSONSerializable.swift */,
			);
			name = Protocols;
			sourceTree = "<group>";
		};
		49BAF2C41EDC691500C9E50E /* Models */ = {
			isa = PBXGroup;
			children = (
				49BAF2D71EDC6BEC00C9E50E /* Station.swift */,
				49BAF2C01EDC68CD00C9E50E /* Weather.swift */,
				49BAF2D51EDC6BD100C9E50E /* WeatherForecast.swift */,
				49BAF2C21EDC68DA00C9E50E /* Wind.swift */,
			);
			name = Models;
			sourceTree = "<group>";
		};
		49BAF2D31EDC6B3E00C9E50E /* Extensions */ = {
			isa = PBXGroup;
			children = (
				49BAF2CB1EDC69E100C9E50E /* XCTestCase+Extensions.swift */,
			);
			name = Extensions;
			sourceTree = "<group>";
		};
		49BAF2D41EDC6B4800C9E50E /* Stubs */ = {
			isa = PBXGroup;
			children = (
				49BAF2DB1EDC6C4E00C9E50E /* forecast.json */,
				49BAF2DF1EDC6CDE00C9E50E /* station.json */,
				49BAF2D11EDC6B3A00C9E50E /* weather.json */,
				49BAF2CF1EDC6A2700C9E50E /* wind.json */,
			);
			name = Stubs;
			sourceTree = "<group>";
		};
		49BAF2E71EDC724B00C9E50E /* Models */ = {
			isa = PBXGroup;
			children = (
				49BAF2D91EDC6C2600C9E50E /* WeatherForecastTests.swift */,
				49BAF2DD1EDC6CA100C9E50E /* StationTests.swift */,
				49BAF2C91EDC698D00C9E50E /* WeatherTests.swift */,
				49BAF2CD1EDC6A1100C9E50E /* WindTests.swift */,
			);
			name = Models;
			sourceTree = "<group>";
		};
		49BAF2E81EDC725700C9E50E /* Utils */ = {
			isa = PBXGroup;
			children = (
				49BAF2D31EDC6B3E00C9E50E /* Extensions */,
				49BAF2E91EDC727600C9E50E /* Mocks */,
			);
			name = Utils;
			sourceTree = "<group>";
		};
		49BAF2E91EDC727600C9E50E /* Mocks */ = {
			isa = PBXGroup;
			children = (
				49BAF2E31EDC724100C9E50E /* MockURLSession.swift */,
			);
			name = Mocks;
			sourceTree = "<group>";
		};
		49BAF2EA1EDC728400C9E50E /* Resources */ = {
			isa = PBXGroup;
			children = (
				49BAF2D41EDC6B4800C9E50E /* Stubs */,
				49BAF2B11EDC668600C9E50E /* Info.plist */,
			);
			name = Resources;
			sourceTree = "<group>";
		};
		49BAF2F31EDC74E100C9E50E /* Network */ = {
			isa = PBXGroup;
			children = (
				49BAF2EB1EDC72B700C9E50E /* HTTPClient.swift */,
				49BAF2EC1EDC72B700C9E50E /* HTTPClient+JSON.swift */,
				49BAF2F61EDC756600C9E50E /* Services */,
			);
			name = Network;
			sourceTree = "<group>";
		};
		49BAF2F61EDC756600C9E50E /* Services */ = {
			isa = PBXGroup;
			children = (
				49BAF2EF1EDC746200C9E50E /* Service.swift */,
				49BAF2F41EDC750E00C9E50E /* ServiceConfiguration.swift */,
				49BAF2F11EDC74D800C9E50E /* WeatherForecastService.swift */,
			);
			name = Services;
			sourceTree = "<group>";
		};
		49BAF2F91EDC763400C9E50E /* Extensions */ = {
			isa = PBXGroup;
			children = (
				49BAF2FA1EDC767400C9E50E /* Dictionary+URLEncoding.swift */,
				49BAF2F71EDC762E00C9E50E /* String+URLEncoding.swift */,
			);
			name = Extensions;
			sourceTree = "<group>";
		};
/* End PBXGroup section */

/* Begin PBXNativeTarget section */
		49BAF2961EDC668600C9E50E /* OpenWeather */ = {
			isa = PBXNativeTarget;
			buildConfigurationList = 49BAF2B41EDC668600C9E50E /* Build configuration list for PBXNativeTarget "OpenWeather" */;
			buildPhases = (
				49BAF2931EDC668600C9E50E /* Sources */,
				49BAF2941EDC668600C9E50E /* Frameworks */,
				49BAF2951EDC668600C9E50E /* Resources */,
			);
			buildRules = (
			);
			dependencies = (
			);
			name = OpenWeather;
			productName = OpenWeather;
			productReference = 49BAF2971EDC668600C9E50E /* OpenWeather.app */;
			productType = "com.apple.product-type.application";
		};
		49BAF2AA1EDC668600C9E50E /* OpenWeatherTests */ = {
			isa = PBXNativeTarget;
			buildConfigurationList = 49BAF2B71EDC668600C9E50E /* Build configuration list for PBXNativeTarget "OpenWeatherTests" */;
			buildPhases = (
				49BAF2A71EDC668600C9E50E /* Sources */,
				49BAF2A81EDC668600C9E50E /* Frameworks */,
				49BAF2A91EDC668600C9E50E /* Resources */,
			);
			buildRules = (
			);
			dependencies = (
				49BAF2AD1EDC668600C9E50E /* PBXTargetDependency */,
			);
			name = OpenWeatherTests;
			productName = OpenWeatherTests;
			productReference = 49BAF2AB1EDC668600C9E50E /* OpenWeatherTests.xctest */;
			productType = "com.apple.product-type.bundle.unit-test";
		};
/* End PBXNativeTarget section */

/* Begin PBXProject section */
		49BAF28F1EDC668600C9E50E /* Project object */ = {
			isa = PBXProject;
			attributes = {
				LastSwiftUpdateCheck = 0830;
				LastUpgradeCheck = 0830;
				ORGANIZATIONNAME = AppTown;
				TargetAttributes = {
					49BAF2961EDC668600C9E50E = {
						CreatedOnToolsVersion = 8.3.2;
						DevelopmentTeam = 36HT5Z85WN;
						ProvisioningStyle = Automatic;
					};
					49BAF2AA1EDC668600C9E50E = {
						CreatedOnToolsVersion = 8.3.2;
						DevelopmentTeam = 36HT5Z85WN;
						ProvisioningStyle = Automatic;
						TestTargetID = 49BAF2961EDC668600C9E50E;
					};
				};
			};
			buildConfigurationList = 49BAF2921EDC668600C9E50E /* Build configuration list for PBXProject "OpenWeather" */;
			compatibilityVersion = "Xcode 3.2";
			developmentRegion = English;
			hasScannedForEncodings = 0;
			knownRegions = (
				en,
				Base,
			);
			mainGroup = 49BAF28E1EDC668600C9E50E;
			productRefGroup = 49BAF2981EDC668600C9E50E /* Products */;
			projectDirPath = "";
			projectRoot = "";
			targets = (
				49BAF2961EDC668600C9E50E /* OpenWeather */,
				49BAF2AA1EDC668600C9E50E /* OpenWeatherTests */,
			);
		};
/* End PBXProject section */

/* Begin PBXResourcesBuildPhase section */
		49BAF2951EDC668600C9E50E /* Resources */ = {
			isa = PBXResourcesBuildPhase;
			buildActionMask = 2147483647;
			files = (
				49BAF2A51EDC668600C9E50E /* LaunchScreen.storyboard in Resources */,
				49BAF2A21EDC668600C9E50E /* Assets.xcassets in Resources */,
				49BAF2A01EDC668600C9E50E /* Main.storyboard in Resources */,
			);
			runOnlyForDeploymentPostprocessing = 0;
		};
		49BAF2A91EDC668600C9E50E /* Resources */ = {
			isa = PBXResourcesBuildPhase;
			buildActionMask = 2147483647;
			files = (
				49BAF2D21EDC6B3A00C9E50E /* weather.json in Resources */,
				49BAF2D01EDC6A2700C9E50E /* wind.json in Resources */,
				49BAF2E01EDC6CDE00C9E50E /* station.json in Resources */,
				49BAF2DC1EDC6C4E00C9E50E /* forecast.json in Resources */,
			);
			runOnlyForDeploymentPostprocessing = 0;
		};
/* End PBXResourcesBuildPhase section */

/* Begin PBXSourcesBuildPhase section */
		49BAF2931EDC668600C9E50E /* Sources */ = {
			isa = PBXSourcesBuildPhase;
			buildActionMask = 2147483647;
			files = (
				49BAF2BB1EDC67E300C9E50E /* JSONSerializable.swift in Sources */,
				49BAF2D61EDC6BD100C9E50E /* WeatherForecast.swift in Sources */,
				49BAF2EE1EDC72B700C9E50E /* HTTPClient+JSON.swift in Sources */,
				49BAF2FB1EDC767400C9E50E /* Dictionary+URLEncoding.swift in Sources */,
				49BAF2D81EDC6BEC00C9E50E /* Station.swift in Sources */,
				49BAF2F21EDC74D800C9E50E /* WeatherForecastService.swift in Sources */,
				49BAF29D1EDC668600C9E50E /* ViewController.swift in Sources */,
				49BAF29B1EDC668600C9E50E /* AppDelegate.swift in Sources */,
				49BAF2ED1EDC72B700C9E50E /* HTTPClient.swift in Sources */,
				49BAF2BD1EDC684600C9E50E /* Logger.swift in Sources */,
				49BAF2F81EDC762E00C9E50E /* String+URLEncoding.swift in Sources */,
				49BAF2F01EDC746200C9E50E /* Service.swift in Sources */,
				49BAF2C11EDC68CD00C9E50E /* Weather.swift in Sources */,
				49BAF2F51EDC750E00C9E50E /* ServiceConfiguration.swift in Sources */,
				49BAF2C31EDC68DA00C9E50E /* Wind.swift in Sources */,
			);
			runOnlyForDeploymentPostprocessing = 0;
		};
		49BAF2A71EDC668600C9E50E /* Sources */ = {
			isa = PBXSourcesBuildPhase;
			buildActionMask = 2147483647;
			files = (
				49BAF2E61EDC724100C9E50E /* MockURLSession.swift in Sources */,
				49BAF2CC1EDC69E100C9E50E /* XCTestCase+Extensions.swift in Sources */,
				49BAF2DE1EDC6CA100C9E50E /* StationTests.swift in Sources */,
				49BAF2CA1EDC698D00C9E50E /* WeatherTests.swift in Sources */,
				49BAF2E51EDC724100C9E50E /* HTTPClientTests.swift in Sources */,
				49BAF2CE1EDC6A1100C9E50E /* WindTests.swift in Sources */,
				49BAF2E41EDC724100C9E50E /* HTTPClient+JSONTests.swift in Sources */,
				49BAF2DA1EDC6C2600C9E50E /* WeatherForecastTests.swift in Sources */,
				49BAF2FD1EDC780200C9E50E /* WeatherForecastServiceTests.swift in Sources */,
			);
			runOnlyForDeploymentPostprocessing = 0;
		};
/* End PBXSourcesBuildPhase section */

/* Begin PBXTargetDependency section */
		49BAF2AD1EDC668600C9E50E /* PBXTargetDependency */ = {
			isa = PBXTargetDependency;
			target = 49BAF2961EDC668600C9E50E /* OpenWeather */;
			targetProxy = 49BAF2AC1EDC668600C9E50E /* PBXContainerItemProxy */;
		};
/* End PBXTargetDependency section */

/* Begin PBXVariantGroup section */
		49BAF29E1EDC668600C9E50E /* Main.storyboard */ = {
			isa = PBXVariantGroup;
			children = (
				49BAF29F1EDC668600C9E50E /* Base */,
			);
			name = Main.storyboard;
			sourceTree = "<group>";
		};
		49BAF2A31EDC668600C9E50E /* LaunchScreen.storyboard */ = {
			isa = PBXVariantGroup;
			children = (
				49BAF2A41EDC668600C9E50E /* Base */,
			);
			name = LaunchScreen.storyboard;
			sourceTree = "<group>";
		};
/* End PBXVariantGroup section */

/* Begin XCBuildConfiguration section */
		49BAF2B21EDC668600C9E50E /* Debug */ = {
			isa = XCBuildConfiguration;
			buildSettings = {
				ALWAYS_SEARCH_USER_PATHS = NO;
				CLANG_ANALYZER_NONNULL = YES;
				CLANG_ANALYZER_NUMBER_OBJECT_CONVERSION = YES_AGGRESSIVE;
				CLANG_CXX_LANGUAGE_STANDARD = "gnu++0x";
				CLANG_CXX_LIBRARY = "libc++";
				CLANG_ENABLE_MODULES = YES;
				CLANG_ENABLE_OBJC_ARC = YES;
				CLANG_WARN_BOOL_CONVERSION = YES;
				CLANG_WARN_CONSTANT_CONVERSION = YES;
				CLANG_WARN_DIRECT_OBJC_ISA_USAGE = YES_ERROR;
				CLANG_WARN_DOCUMENTATION_COMMENTS = YES;
				CLANG_WARN_EMPTY_BODY = YES;
				CLANG_WARN_ENUM_CONVERSION = YES;
				CLANG_WARN_INFINITE_RECURSION = YES;
				CLANG_WARN_INT_CONVERSION = YES;
				CLANG_WARN_OBJC_ROOT_CLASS = YES_ERROR;
				CLANG_WARN_SUSPICIOUS_MOVE = YES;
				CLANG_WARN_UNREACHABLE_CODE = YES;
				CLANG_WARN__DUPLICATE_METHOD_MATCH = YES;
				"CODE_SIGN_IDENTITY[sdk=iphoneos*]" = "iPhone Developer";
				COPY_PHASE_STRIP = NO;
				DEBUG_INFORMATION_FORMAT = dwarf;
				ENABLE_STRICT_OBJC_MSGSEND = YES;
				ENABLE_TESTABILITY = YES;
				GCC_C_LANGUAGE_STANDARD = gnu99;
				GCC_DYNAMIC_NO_PIC = NO;
				GCC_NO_COMMON_BLOCKS = YES;
				GCC_OPTIMIZATION_LEVEL = 0;
				GCC_PREPROCESSOR_DEFINITIONS = (
					"DEBUG=1",
					"$(inherited)",
				);
				GCC_WARN_64_TO_32_BIT_CONVERSION = YES;
				GCC_WARN_ABOUT_RETURN_TYPE = YES_ERROR;
				GCC_WARN_UNDECLARED_SELECTOR = YES;
				GCC_WARN_UNINITIALIZED_AUTOS = YES_AGGRESSIVE;
				GCC_WARN_UNUSED_FUNCTION = YES;
				GCC_WARN_UNUSED_VARIABLE = YES;
				IPHONEOS_DEPLOYMENT_TARGET = 10.3;
				MTL_ENABLE_DEBUG_INFO = YES;
				ONLY_ACTIVE_ARCH = YES;
				SDKROOT = iphoneos;
				SWIFT_ACTIVE_COMPILATION_CONDITIONS = DEBUG;
				SWIFT_OPTIMIZATION_LEVEL = "-Onone";
			};
			name = Debug;
		};
		49BAF2B31EDC668600C9E50E /* Release */ = {
			isa = XCBuildConfiguration;
			buildSettings = {
				ALWAYS_SEARCH_USER_PATHS = NO;
				CLANG_ANALYZER_NONNULL = YES;
				CLANG_ANALYZER_NUMBER_OBJECT_CONVERSION = YES_AGGRESSIVE;
				CLANG_CXX_LANGUAGE_STANDARD = "gnu++0x";
				CLANG_CXX_LIBRARY = "libc++";
				CLANG_ENABLE_MODULES = YES;
				CLANG_ENABLE_OBJC_ARC = YES;
				CLANG_WARN_BOOL_CONVERSION = YES;
				CLANG_WARN_CONSTANT_CONVERSION = YES;
				CLANG_WARN_DIRECT_OBJC_ISA_USAGE = YES_ERROR;
				CLANG_WARN_DOCUMENTATION_COMMENTS = YES;
				CLANG_WARN_EMPTY_BODY = YES;
				CLANG_WARN_ENUM_CONVERSION = YES;
				CLANG_WARN_INFINITE_RECURSION = YES;
				CLANG_WARN_INT_CONVERSION = YES;
				CLANG_WARN_OBJC_ROOT_CLASS = YES_ERROR;
				CLANG_WARN_SUSPICIOUS_MOVE = YES;
				CLANG_WARN_UNREACHABLE_CODE = YES;
				CLANG_WARN__DUPLICATE_METHOD_MATCH = YES;
				"CODE_SIGN_IDENTITY[sdk=iphoneos*]" = "iPhone Developer";
				COPY_PHASE_STRIP = NO;
				DEBUG_INFORMATION_FORMAT = "dwarf-with-dsym";
				ENABLE_NS_ASSERTIONS = NO;
				ENABLE_STRICT_OBJC_MSGSEND = YES;
				GCC_C_LANGUAGE_STANDARD = gnu99;
				GCC_NO_COMMON_BLOCKS = YES;
				GCC_WARN_64_TO_32_BIT_CONVERSION = YES;
				GCC_WARN_ABOUT_RETURN_TYPE = YES_ERROR;
				GCC_WARN_UNDECLARED_SELECTOR = YES;
				GCC_WARN_UNINITIALIZED_AUTOS = YES_AGGRESSIVE;
				GCC_WARN_UNUSED_FUNCTION = YES;
				GCC_WARN_UNUSED_VARIABLE = YES;
				IPHONEOS_DEPLOYMENT_TARGET = 10.3;
				MTL_ENABLE_DEBUG_INFO = NO;
				SDKROOT = iphoneos;
				SWIFT_OPTIMIZATION_LEVEL = "-Owholemodule";
				VALIDATE_PRODUCT = YES;
			};
			name = Release;
		};
		49BAF2B51EDC668600C9E50E /* Debug */ = {
			isa = XCBuildConfiguration;
			buildSettings = {
				ASSETCATALOG_COMPILER_APPICON_NAME = AppIcon;
				DEVELOPMENT_TEAM = 36HT5Z85WN;
				INFOPLIST_FILE = OpenWeather/Info.plist;
				IPHONEOS_DEPLOYMENT_TARGET = 10.0;
				LD_RUNPATH_SEARCH_PATHS = "$(inherited) @executable_path/Frameworks";
				PRODUCT_BUNDLE_IDENTIFIER = com.apptown.OpenWeather;
				PRODUCT_NAME = "$(TARGET_NAME)";
				SWIFT_VERSION = 3.0;
			};
			name = Debug;
		};
		49BAF2B61EDC668600C9E50E /* Release */ = {
			isa = XCBuildConfiguration;
			buildSettings = {
				ASSETCATALOG_COMPILER_APPICON_NAME = AppIcon;
				DEVELOPMENT_TEAM = 36HT5Z85WN;
				INFOPLIST_FILE = OpenWeather/Info.plist;
				IPHONEOS_DEPLOYMENT_TARGET = 10.0;
				LD_RUNPATH_SEARCH_PATHS = "$(inherited) @executable_path/Frameworks";
				PRODUCT_BUNDLE_IDENTIFIER = com.apptown.OpenWeather;
				PRODUCT_NAME = "$(TARGET_NAME)";
				SWIFT_VERSION = 3.0;
			};
			name = Release;
		};
		49BAF2B81EDC668600C9E50E /* Debug */ = {
			isa = XCBuildConfiguration;
			buildSettings = {
				ALWAYS_EMBED_SWIFT_STANDARD_LIBRARIES = YES;
				BUNDLE_LOADER = "$(TEST_HOST)";
				DEVELOPMENT_TEAM = 36HT5Z85WN;
				INFOPLIST_FILE = OpenWeatherTests/Info.plist;
				LD_RUNPATH_SEARCH_PATHS = "$(inherited) @executable_path/Frameworks @loader_path/Frameworks";
				PRODUCT_BUNDLE_IDENTIFIER = com.apptown.OpenWeatherTests;
				PRODUCT_NAME = "$(TARGET_NAME)";
				SWIFT_VERSION = 3.0;
				TEST_HOST = "$(BUILT_PRODUCTS_DIR)/OpenWeather.app/OpenWeather";
			};
			name = Debug;
		};
		49BAF2B91EDC668600C9E50E /* Release */ = {
			isa = XCBuildConfiguration;
			buildSettings = {
				ALWAYS_EMBED_SWIFT_STANDARD_LIBRARIES = YES;
				BUNDLE_LOADER = "$(TEST_HOST)";
				DEVELOPMENT_TEAM = 36HT5Z85WN;
				INFOPLIST_FILE = OpenWeatherTests/Info.plist;
				LD_RUNPATH_SEARCH_PATHS = "$(inherited) @executable_path/Frameworks @loader_path/Frameworks";
				PRODUCT_BUNDLE_IDENTIFIER = com.apptown.OpenWeatherTests;
				PRODUCT_NAME = "$(TARGET_NAME)";
				SWIFT_VERSION = 3.0;
				TEST_HOST = "$(BUILT_PRODUCTS_DIR)/OpenWeather.app/OpenWeather";
			};
			name = Release;
		};
/* End XCBuildConfiguration section */

/* Begin XCConfigurationList section */
		49BAF2921EDC668600C9E50E /* Build configuration list for PBXProject "OpenWeather" */ = {
			isa = XCConfigurationList;
			buildConfigurations = (
				49BAF2B21EDC668600C9E50E /* Debug */,
				49BAF2B31EDC668600C9E50E /* Release */,
			);
			defaultConfigurationIsVisible = 0;
			defaultConfigurationName = Release;
		};
		49BAF2B41EDC668600C9E50E /* Build configuration list for PBXNativeTarget "OpenWeather" */ = {
			isa = XCConfigurationList;
			buildConfigurations = (
				49BAF2B51EDC668600C9E50E /* Debug */,
				49BAF2B61EDC668600C9E50E /* Release */,
			);
			defaultConfigurationIsVisible = 0;
		};
		49BAF2B71EDC668600C9E50E /* Build configuration list for PBXNativeTarget "OpenWeatherTests" */ = {
			isa = XCConfigurationList;
			buildConfigurations = (
				49BAF2B81EDC668600C9E50E /* Debug */,
				49BAF2B91EDC668600C9E50E /* Release */,
			);
			defaultConfigurationIsVisible = 0;
		};
/* End XCConfigurationList section */
	};
	rootObject = 49BAF28F1EDC668600C9E50E /* Project object */;
}
